
Microsoft Visual Studio Solution File, Format Version 12.00
# Visual Studio 15
VisualStudioVersion = 15.0.28010.2003
MinimumVisualStudioVersion = 10.0.40219.1
Project("{9A19103F-16F7-4668-BE54-9A1E7A4F7556}") = "TestTask", "TestTask.csproj", "{D9F49532-96F1-4346-A70D-12BA8E5FE5FD}"
EndProject
Global
	GlobalSection(SolutionConfigurationPlatforms) = preSolution
		Debug|Any CPU = Debug|Any CPU
		Release|Any CPU = Release|Any CPU
	EndGlobalSection
	GlobalSection(ProjectConfigurationPlatforms) = postSolution
		{D9F49532-96F1-4346-A70D-12BA8E5FE5FD}.Debug|Any CPU.ActiveCfg = Debug|Any CPU
		{D9F49532-96F1-4346-A70D-12BA8E5FE5FD}.Debug|Any CPU.Build.0 = Debug|Any CPU
		{D9F49532-96F1-4346-A70D-12BA8E5FE5FD}.Release|Any CPU.ActiveCfg = Release|Any CPU
		{D9F49532-96F1-4346-A70D-12BA8E5FE5FD}.Release|Any CPU.Build.0 = Release|Any CPU
	EndGlobalSection
	GlobalSection(SolutionProperties) = preSolution
		HideSolutionNode = FALSE
	EndGlobalSection
	GlobalSection(ExtensibilityGlobals) = postSolution
		SolutionGuid = {20A810F4-161C-452A-944C-9F48E28C3CB4}
	EndGlobalSection
EndGlobal
